{
  "name": "test",
  "lockfileVersion": 3,
  "requires": true,
  "packages": {
    "": {
      "license": "MIT",
      "dependencies": {
        "minecraft-java-server": ".."
      }
    },
    "..": {
      "version": "1.0.3",
      "license": "MIT",
      "devDependencies": {
        "@types/node": "^26.1.1",
        "esbuild": "^0.28.1",
        "esbuild-fix-imports": "^1.0.8",
        "typescript": "^7.0.2"
      }
    },
    "node_modules/minecraft-java-server": {
      "resolved": "..",
      "link": true
    }
  }
}
